// !$*UTF8*$!
{
	archiveVersion = 1;
	classes = {
	};
	objectVersion = 50;
	objects = {

/* Begin PBXBuildFile section */
		26D2C64D221D4F3300803EBC /* AppDelegate.swift in Sources */ = {isa = PBXBuildFile; fileRef = 26D2C64C221D4F3300803EBC /* AppDelegate.swift */; };
		26D2C64F221D4F3300803EBC /* ViewController.swift in Sources */ = {isa = PBXBuildFile; fileRef = 26D2C64E221D4F3300803EBC /* ViewController.swift */; };
		26D2C652221D4F3300803EBC /* Main.storyboard in Resources */ = {isa = PBXBuildFile; fileRef = 26D2C650221D4F3300803EBC /* Main.storyboard */; };
		26D2C655221D4F3300803EBC /* SignUpValidation.xcdatamodeld in Sources */ = {isa = PBXBuildFile; fileRef = 26D2C653221D4F3300803EBC /* SignUpValidation.xcdatamodeld */; };
		26D2C657221D4F3400803EBC /* Assets.xcassets in Resources */ = {isa = PBXBuildFile; fileRef = 26D2C656221D4F3400803EBC /* Assets.xcassets */; };
		26D2C65A221D4F3400803EBC /* LaunchScreen.storyboard in Resources */ = {isa = PBXBuildFile; fileRef = 26D2C658221D4F3400803EBC /* LaunchScreen.storyboard */; };
		26D2C665221D4F3400803EBC /* SignUpValidationTests.swift in Sources */ = {isa = PBXBuildFile; fileRef = 26D2C664221D4F3400803EBC /* SignUpValidationTests.swift */; };
		26D2C670221D4F3400803EBC /* SignUpValidationUITests.swift in Sources */ = {isa = PBXBuildFile; fileRef = 26D2C66F221D4F3400803EBC /* SignUpValidationUITests.swift */; };
/* End PBXBuildFile section */

/* Begin PBXContainerItemProxy section */
		26D2C661221D4F3400803EBC /* PBXContainerItemProxy */ = {
			isa = PBXContainerItemProxy;
			containerPortal = 26D2C641221D4F3300803EBC /* Project object */;
			proxyType = 1;
			remoteGlobalIDString = 26D2C648221D4F3300803EBC;
			remoteInfo = SignUpValidation;
		};
		26D2C66C221D4F3400803EBC /* PBXContainerItemProxy */ = {
			isa = PBXContainerItemProxy;
			containerPortal = 26D2C641221D4F3300803EBC /* Project object */;
			proxyType = 1;
			remoteGlobalIDString = 26D2C648221D4F3300803EBC;
			remoteInfo = SignUpValidation;
		};
/* End PBXContainerItemProxy section */

/* Begin PBXFileReference section */
		26D2C649221D4F3300803EBC /* SignUpValidation.app */ = {isa = PBXFileReference; explicitFileType = wrapper.application; includeInIndex = 0; path = SignUpValidation.app; sourceTree = BUILT_PRODUCTS_DIR; };
		26D2C64C221D4F3300803EBC /* AppDelegate.swift */ = {isa = PBXFileReference; lastKnownFileType = sourcecode.swift; path = AppDelegate.swift; sourceTree = "<group>"; };
		26D2C64E221D4F3300803EBC /* ViewController.swift */ = {isa = PBXFileReference; lastKnownFileType = sourcecode.swift; path = ViewController.swift; sourceTree = "<group>"; };
		26D2C651221D4F3300803EBC /* Base */ = {isa = PBXFileReference; lastKnownFileType = file.storyboard; name = Base; path = Base.lproj/Main.storyboard; sourceTree = "<group>"; };
		26D2C654221D4F3300803EBC /* SignUpValidation.xcdatamodel */ = {isa = PBXFileReference; lastKnownFileType = wrapper.xcdatamodel; path = SignUpValidation.xcdatamodel; sourceTree = "<group>"; };
		26D2C656221D4F3400803EBC /* Assets.xcassets */ = {isa = PBXFileReference; lastKnownFileType = folder.assetcatalog; path = Assets.xcassets; sourceTree = "<group>"; };
		26D2C659221D4F3400803EBC /* Base */ = {isa = PBXFileReference; lastKnownFileType = file.storyboard; name = Base; path = Base.lproj/LaunchScreen.storyboard; sourceTree = "<group>"; };
		26D2C65B221D4F3400803EBC /* Info.plist */ = {isa = PBXFileReference; lastKnownFileType = text.plist.xml; path = Info.plist; sourceTree = "<group>"; };
		26D2C660221D4F3400803EBC /* SignUpValidationTests.xctest */ = {isa = PBXFileReference; explicitFileType = wrapper.cfbundle; includeInIndex = 0; path = SignUpValidationTests.xctest; sourceTree = BUILT_PRODUCTS_DIR; };
		26D2C664221D4F3400803EBC /* SignUpValidationTests.swift */ = {isa = PBXFileReference; lastKnownFileType = sourcecode.swift; path = SignUpValidationTests.swift; sourceTree = "<group>"; };
		26D2C666221D4F3400803EBC /* Info.plist */ = {isa = PBXFileReference; lastKnownFileType = text.plist.xml; path = Info.plist; sourceTree = "<group>"; };
		26D2C66B221D4F3400803EBC /* SignUpValidationUITests.xctest */ = {isa = PBXFileReference; explicitFileType = wrapper.cfbundle; includeInIndex = 0; path = SignUpValidationUITests.xctest; sourceTree = BUILT_PRODUCTS_DIR; };
		26D2C66F221D4F3400803EBC /* SignUpValidationUITests.swift */ = {isa = PBXFileReference; lastKnownFileType = sourcecode.swift; path = SignUpValidationUITests.swift; sourceTree = "<group>"; };
		26D2C671221D4F3400803EBC /* Info.plist */ = {isa = PBXFileReference; lastKnownFileType = text.plist.xml; path = Info.plist; sourceTree = "<group>"; };
/* End PBXFileReference section */

/* Begin PBXFrameworksBuildPhase section */
		26D2C646221D4F3300803EBC /* Frameworks */ = {
			isa = PBXFrameworksBuildPhase;
			buildActionMask = 2147483647;
			files = (
			);
			runOnlyForDeploymentPostprocessing = 0;
		};
		26D2C65D221D4F3400803EBC /* Frameworks */ = {
			isa = PBXFrameworksBuildPhase;
			buildActionMask = 2147483647;
			files = (
			);
			runOnlyForDeploymentPostprocessing = 0;
		};
		26D2C668221D4F3400803EBC /* Frameworks */ = {
			isa = PBXFrameworksBuildPhase;
			buildActionMask = 2147483647;
			files = (
			);
			runOnlyForDeploymentPostprocessing = 0;
		};
/* End PBXFrameworksBuildPhase section */

/* Begin PBXGroup section */
		26D2C640221D4F3300803EBC = {
			isa = PBXGroup;
			children = (
				26D2C64B221D4F3300803EBC /* SignUpValidation */,
				26D2C663221D4F3400803EBC /* SignUpValidationTests */,
				26D2C66E221D4F3400803EBC /* SignUpValidationUITests */,
				26D2C64A221D4F3300803EBC /* Products */,
			);
			sourceTree = "<group>";
		};
		26D2C64A221D4F3300803EBC /* Products */ = {
			isa = PBXGroup;
			children = (
				26D2C649221D4F3300803EBC /* SignUpValidation.app */,
				26D2C660221D4F3400803EBC /* SignUpValidationTests.xctest */,
				26D2C66B221D4F3400803EBC /* SignUpValidationUITests.xctest */,
			);
			name = Products;
			sourceTree = "<group>";
		};
		26D2C64B221D4F3300803EBC /* SignUpValidation */ = {
			isa = PBXGroup;
			children = (
				26D2C64C221D4F3300803EBC /* AppDelegate.swift */,
				26D2C64E221D4F3300803EBC /* ViewController.swift */,
				26D2C650221D4F3300803EBC /* Main.storyboard */,
				26D2C656221D4F3400803EBC /* Assets.xcassets */,
				26D2C658221D4F3400803EBC /* LaunchScreen.storyboard */,
				26D2C65B221D4F3400803EBC /* Info.plist */,
				26D2C653221D4F3300803EBC /* SignUpValidation.xcdatamodeld */,
			);
			path = SignUpValidation;
			sourceTree = "<group>";
		};
		26D2C663221D4F3400803EBC /* SignUpValidationTests */ = {
			isa = PBXGroup;
			children = (
				26D2C664221D4F3400803EBC /* SignUpValidationTests.swift */,
				26D2C666221D4F3400803EBC /* Info.plist */,
			);
			path = SignUpValidationTests;
			sourceTree = "<group>";
		};
		26D2C66E221D4F3400803EBC /* SignUpValidationUITests */ = {
			isa = PBXGroup;
			children = (
				26D2C66F221D4F3400803EBC /* SignUpValidationUITests.swift */,
				26D2C671221D4F3400803EBC /* Info.plist */,
			);
			path = SignUpValidationUITests;
			sourceTree = "<group>";
		};
/* End PBXGroup section */

/* Begin PBXNativeTarget section */
		26D2C648221D4F3300803EBC /* SignUpValidation */ = {
			isa = PBXNativeTarget;
			buildConfigurationList = 26D2C674221D4F3400803EBC /* Build configuration list for PBXNativeTarget "SignUpValidation" */;
			buildPhases = (
				26D2C645221D4F3300803EBC /* Sources */,
				26D2C646221D4F3300803EBC /* Frameworks */,
				26D2C647221D4F3300803EBC /* Resources */,
			);
			buildRules = (
			);
			dependencies = (
			);
			name = SignUpValidation;
			productName = SignUpValidation;
			productReference = 26D2C649221D4F3300803EBC /* SignUpValidation.app */;
			productType = "com.apple.product-type.application";
		};
		26D2C65F221D4F3400803EBC /* SignUpValidationTests */ = {
			isa = PBXNativeTarget;
			buildConfigurationList = 26D2C677221D4F3400803EBC /* Build configuration list for PBXNativeTarget "SignUpValidationTests" */;
			buildPhases = (
				26D2C65C221D4F3400803EBC /* Sources */,
				26D2C65D221D4F3400803EBC /* Frameworks */,
				26D2C65E221D4F3400803EBC /* Resources */,
			);
			buildRules = (
			);
			dependencies = (
				26D2C662221D4F3400803EBC /* PBXTargetDependency */,
			);
			name = SignUpValidationTests;
			productName = SignUpValidationTests;
			productReference = 26D2C660221D4F3400803EBC /* SignUpValidationTests.xctest */;
			productType = "com.apple.product-type.bundle.unit-test";
		};
		26D2C66A221D4F3400803EBC /* SignUpValidationUITests */ = {
			isa = PBXNativeTarget;
			buildConfigurationList = 26D2C67A221D4F3400803EBC /* Build configuration list for PBXNativeTarget "SignUpValidationUITests" */;
			buildPhases = (
				26D2C667221D4F3400803EBC /* Sources */,
				26D2C668221D4F3400803EBC /* Frameworks */,
				26D2C669221D4F3400803EBC /* Resources */,
			);
			buildRules = (
			);
			dependencies = (
				26D2C66D221D4F3400803EBC /* PBXTargetDependency */,
			);
			name = SignUpValidationUITests;
			productName = SignUpValidationUITests;
			productReference = 26D2C66B221D4F3400803EBC /* SignUpValidationUITests.xctest */;
			productType = "com.apple.product-type.bundle.ui-testing";
		};
/* End PBXNativeTarget section */

/* Begin PBXProject section */
		26D2C641221D4F3300803EBC /* Project object */ = {
			isa = PBXProject;
			attributes = {
				LastSwiftUpdateCheck = 1010;
				LastUpgradeCheck = 1010;
				ORGANIZATIONNAME = "cl-macmini-110";
				TargetAttributes = {
					26D2C648221D4F3300803EBC = {
						CreatedOnToolsVersion = 10.1;
					};
					26D2C65F221D4F3400803EBC = {
						CreatedOnToolsVersion = 10.1;
						TestTargetID = 26D2C648221D4F3300803EBC;
					};
					26D2C66A221D4F3400803EBC = {
						CreatedOnToolsVersion = 10.1;
						TestTargetID = 26D2C648221D4F3300803EBC;
					};
				};
			};
			buildConfigurationList = 26D2C644221D4F3300803EBC /* Build configuration list for PBXProject "SignUpValidation" */;
			compatibilityVersion = "Xcode 9.3";
			developmentRegion = en;
			hasScannedForEncodings = 0;
			knownRegions = (
				en,
				Base,
			);
			mainGroup = 26D2C640221D4F3300803EBC;
			productRefGroup = 26D2C64A221D4F3300803EBC /* Products */;
			projectDirPath = "";
			projectRoot = "";
			targets = (
				26D2C648221D4F3300803EBC /* SignUpValidation */,
				26D2C65F221D4F3400803EBC /* SignUpValidationTests */,
				26D2C66A221D4F3400803EBC /* SignUpValidationUITests */,
			);
		};
/* End PBXProject section */

/* Begin PBXResourcesBuildPhase section */
		26D2C647221D4F3300803EBC /* Resources */ = {
			isa = PBXResourcesBuildPhase;
			buildActionMask = 2147483647;
			files = (
				26D2C65A221D4F3400803EBC /* LaunchScreen.storyboard in Resources */,
				26D2C657221D4F3400803EBC /* Assets.xcassets in Resources */,
				26D2C652221D4F3300803EBC /* Main.storyboard in Resources */,
			);
			runOnlyForDeploymentPostprocessing = 0;
		};
		26D2C65E221D4F3400803EBC /* Resources */ = {
			isa = PBXResourcesBuildPhase;
			buildActionMask = 2147483647;
			files = (
			);
			runOnlyForDeploymentPostprocessing = 0;
		};
		26D2C669221D4F3400803EBC /* Resources */ = {
			isa = PBXResourcesBuildPhase;
			buildActionMask = 2147483647;
			files = (
			);
			runOnlyForDeploymentPostprocessing = 0;
		};
/* End PBXResourcesBuildPhase section */

/* Begin PBXSourcesBuildPhase section */
		26D2C645221D4F3300803EBC /* Sources */ = {
			isa = PBXSourcesBuildPhase;
			buildActionMask = 2147483647;
			files = (
				26D2C64F221D4F3300803EBC /* ViewController.swift in Sources */,
				26D2C64D221D4F3300803EBC /* AppDelegate.swift in Sources */,
				26D2C655221D4F3300803EBC /* SignUpValidation.xcdatamodeld in Sources */,
			);
			runOnlyForDeploymentPostprocessing = 0;
		};
		26D2C65C221D4F3400803EBC /* Sources */ = {
			isa = PBXSourcesBuildPhase;
			buildActionMask = 2147483647;
			files = (
				26D2C665221D4F3400803EBC /* SignUpValidationTests.swift in Sources */,
			);
			runOnlyForDeploymentPostprocessing = 0;
		};
		26D2C667221D4F3400803EBC /* Sources */ = {
			isa = PBXSourcesBuildPhase;
			buildActionMask = 2147483647;
			files = (
				26D2C670221D4F3400803EBC /* SignUpValidationUITests.swift in Sources */,
			);
			runOnlyForDeploymentPostprocessing = 0;
		};
/* End PBXSourcesBuildPhase section */

/* Begin PBXTargetDependency section */
		26D2C662221D4F3400803EBC /* PBXTargetDependency */ = {
			isa = PBXTargetDependency;
			target = 26D2C648221D4F3300803EBC /* SignUpValidation */;
			targetProxy = 26D2C661221D4F3400803EBC /* PBXContainerItemProxy */;
		};
		26D2C66D221D4F3400803EBC /* PBXTargetDependency */ = {
			isa = PBXTargetDependency;
			target = 26D2C648221D4F3300803EBC /* SignUpValidation */;
			targetProxy = 26D2C66C221D4F3400803EBC /* PBXContainerItemProxy */;
		};
/* End PBXTargetDependency section */

/* Begin PBXVariantGroup section */
		26D2C650221D4F3300803EBC /* Main.storyboard */ = {
			isa = PBXVariantGroup;
			children = (
				26D2C651221D4F3300803EBC /* Base */,
			);
			name = Main.storyboard;
			sourceTree = "<group>";
		};
		26D2C658221D4F3400803EBC /* LaunchScreen.storyboard */ = {
			isa = PBXVariantGroup;
			children = (
				26D2C659221D4F3400803EBC /* Base */,
			);
			name = LaunchScreen.storyboard;
			sourceTree = "<group>";
		};
/* End PBXVariantGroup section */

/* Begin XCBuildConfiguration section */
		26D2C672221D4F3400803EBC /* Debug */ = {
			isa = XCBuildConfiguration;
			buildSettings = {
				ALWAYS_SEARCH_USER_PATHS = NO;
				CLANG_ANALYZER_NONNULL = YES;
				CLANG_ANALYZER_NUMBER_OBJECT_CONVERSION = YES_AGGRESSIVE;
				CLANG_CXX_LANGUAGE_STANDARD = "gnu++14";
				CLANG_CXX_LIBRARY = "libc++";
				CLANG_ENABLE_MODULES = YES;
				CLANG_ENABLE_OBJC_ARC = YES;
				CLANG_ENABLE_OBJC_WEAK = YES;
				CLANG_WARN_BLOCK_CAPTURE_AUTORELEASING = YES;
				CLANG_WARN_BOOL_CONVERSION = YES;
				CLANG_WARN_COMMA = YES;
				CLANG_WARN_CONSTANT_CONVERSION = YES;
				CLANG_WARN_DEPRECATED_OBJC_IMPLEMENTATIONS = YES;
				CLANG_WARN_DIRECT_OBJC_ISA_USAGE = YES_ERROR;
				CLANG_WARN_DOCUMENTATION_COMMENTS = YES;
				CLANG_WARN_EMPTY_BODY = YES;
				CLANG_WARN_ENUM_CONVERSION = YES;
				CLANG_WARN_INFINITE_RECURSION = YES;
				CLANG_WARN_INT_CONVERSION = YES;
				CLANG_WARN_NON_LITERAL_NULL_CONVERSION = YES;
				CLANG_WARN_OBJC_IMPLICIT_RETAIN_SELF = YES;
				CLANG_WARN_OBJC_LITERAL_CONVERSION = YES;
				CLANG_WARN_OBJC_ROOT_CLASS = YES_ERROR;
				CLANG_WARN_RANGE_LOOP_ANALYSIS = YES;
				CLANG_WARN_STRICT_PROTOTYPES = YES;
				CLANG_WARN_SUSPICIOUS_MOVE = YES;
				CLANG_WARN_UNGUARDED_AVAILABILITY = YES_AGGRESSIVE;
				CLANG_WARN_UNREACHABLE_CODE = YES;
				CLANG_WARN__DUPLICATE_METHOD_MATCH = YES;
				CODE_SIGN_IDENTITY = "iPhone Developer";
				COPY_PHASE_STRIP = NO;
				DEBUG_INFORMATION_FORMAT = dwarf;
				ENABLE_STRICT_OBJC_MSGSEND = YES;
				ENABLE_TESTABILITY = YES;
				GCC_C_LANGUAGE_STANDARD = gnu11;
				GCC_DYNAMIC_NO_PIC = NO;
				GCC_NO_COMMON_BLOCKS = YES;
				GCC_OPTIMIZATION_LEVEL = 0;
				GCC_PREPROCESSOR_DEFINITIONS = (
					"DEBUG=1",
					"$(inherited)",
				);
				GCC_WARN_64_TO_32_BIT_CONVERSION = YES;
				GCC_WARN_ABOUT_RETURN_TYPE = YES_ERROR;
				GCC_WARN_UNDECLARED_SELECTOR = YES;
				GCC_WARN_UNINITIALIZED_AUTOS = YES_AGGRESSIVE;
				GCC_WARN_UNUSED_FUNCTION = YES;
				GCC_WARN_UNUSED_VARIABLE = YES;
				IPHONEOS_DEPLOYMENT_TARGET = 12.1;
				MTL_ENABLE_DEBUG_INFO = INCLUDE_SOURCE;
				MTL_FAST_MATH = YES;
				ONLY_ACTIVE_ARCH = YES;
				SDKROOT = iphoneos;
				SWIFT_ACTIVE_COMPILATION_CONDITIONS = DEBUG;
				SWIFT_OPTIMIZATION_LEVEL = "-Onone";
			};
			name = Debug;
		};
		26D2C673221D4F3400803EBC /* Release */ = {
			isa = XCBuildConfiguration;
			buildSettings = {
				ALWAYS_SEARCH_USER_PATHS = NO;
				CLANG_ANALYZER_NONNULL = YES;
				CLANG_ANALYZER_NUMBER_OBJECT_CONVERSION = YES_AGGRESSIVE;
				CLANG_CXX_LANGUAGE_STANDARD = "gnu++14";
				CLANG_CXX_LIBRARY = "libc++";
				CLANG_ENABLE_MODULES = YES;
				CLANG_ENABLE_OBJC_ARC = YES;
				CLANG_ENABLE_OBJC_WEAK = YES;
				CLANG_WARN_BLOCK_CAPTURE_AUTORELEASING = YES;
				CLANG_WARN_BOOL_CONVERSION = YES;
				CLANG_WARN_COMMA = YES;
				CLANG_WARN_CONSTANT_CONVERSION = YES;
				CLANG_WARN_DEPRECATED_OBJC_IMPLEMENTATIONS = YES;
				CLANG_WARN_DIRECT_OBJC_ISA_USAGE = YES_ERROR;
				CLANG_WARN_DOCUMENTATION_COMMENTS = YES;
				CLANG_WARN_EMPTY_BODY = YES;
				CLANG_WARN_ENUM_CONVERSION = YES;
				CLANG_WARN_INFINITE_RECURSION = YES;
				CLANG_WARN_INT_CONVERSION = YES;
				CLANG_WARN_NON_LITERAL_NULL_CONVERSION = YES;
				CLANG_WARN_OBJC_IMPLICIT_RETAIN_SELF = YES;
				CLANG_WARN_OBJC_LITERAL_CONVERSION = YES;
				CLANG_WARN_OBJC_ROOT_CLASS = YES_ERROR;
				CLANG_WARN_RANGE_LOOP_ANALYSIS = YES;
				CLANG_WARN_STRICT_PROTOTYPES = YES;
				CLANG_WARN_SUSPICIOUS_MOVE = YES;
				CLANG_WARN_UNGUARDED_AVAILABILITY = YES_AGGRESSIVE;
				CLANG_WARN_UNREACHABLE_CODE = YES;
				CLANG_WARN__DUPLICATE_METHOD_MATCH = YES;
				CODE_SIGN_IDENTITY = "iPhone Developer";
				COPY_PHASE_STRIP = NO;
				DEBUG_INFORMATION_FORMAT = "dwarf-with-dsym";
				ENABLE_NS_ASSERTIONS = NO;
				ENABLE_STRICT_OBJC_MSGSEND = YES;
				GCC_C_LANGUAGE_STANDARD = gnu11;
				GCC_NO_COMMON_BLOCKS = YES;
				GCC_WARN_64_TO_32_BIT_CONVERSION = YES;
				GCC_WARN_ABOUT_RETURN_TYPE = YES_ERROR;
				GCC_WARN_UNDECLARED_SELECTOR = YES;
				GCC_WARN_UNINITIALIZED_AUTOS = YES_AGGRESSIVE;
				GCC_WARN_UNUSED_FUNCTION = YES;
				GCC_WARN_UNUSED_VARIABLE = YES;
				IPHONEOS_DEPLOYMENT_TARGET = 12.1;
				MTL_ENABLE_DEBUG_INFO = NO;
				MTL_FAST_MATH = YES;
				SDKROOT = iphoneos;
				SWIFT_COMPILATION_MODE = wholemodule;
				SWIFT_OPTIMIZATION_LEVEL = "-O";
				VALIDATE_PRODUCT = YES;
			};
			name = Release;
		};
		26D2C675221D4F3400803EBC /* Debug */ = {
			isa = XCBuildConfiguration;
			buildSettings = {
				ASSETCATALOG_COMPILER_APPICON_NAME = AppIcon;
				CODE_SIGN_STYLE = Automatic;
				INFOPLIST_FILE = SignUpValidation/Info.plist;
				LD_RUNPATH_SEARCH_PATHS = (
					"$(inherited)",
					"@executable_path/Frameworks",
				);
				PRODUCT_BUNDLE_IDENTIFIER = Firstapp.SignUpValidation;
				PRODUCT_NAME = "$(TARGET_NAME)";
				SWIFT_VERSION = 4.2;
				TARGETED_DEVICE_FAMILY = "1,2";
			};
			name = Debug;
		};
		26D2C676221D4F3400803EBC /* Release */ = {
			isa = XCBuildConfiguration;
			buildSettings = {
				ASSETCATALOG_COMPILER_APPICON_NAME = AppIcon;
				CODE_SIGN_STYLE = Automatic;
				INFOPLIST_FILE = SignUpValidation/Info.plist;
				LD_RUNPATH_SEARCH_PATHS = (
					"$(inherited)",
					"@executable_path/Frameworks",
				);
				PRODUCT_BUNDLE_IDENTIFIER = Firstapp.SignUpValidation;
				PRODUCT_NAME = "$(TARGET_NAME)";
				SWIFT_VERSION = 4.2;
				TARGETED_DEVICE_FAMILY = "1,2";
			};
			name = Release;
		};
		26D2C678221D4F3400803EBC /* Debug */ = {
			isa = XCBuildConfiguration;
			buildSettings = {
				ALWAYS_EMBED_SWIFT_STANDARD_LIBRARIES = YES;
				BUNDLE_LOADER = "$(TEST_HOST)";
				CODE_SIGN_STYLE = Automatic;
				INFOPLIST_FILE = SignUpValidationTests/Info.plist;
				LD_RUNPATH_SEARCH_PATHS = (
					"$(inherited)",
					"@executable_path/Frameworks",
					"@loader_path/Frameworks",
				);
				PRODUCT_BUNDLE_IDENTIFIER = Firstapp.SignUpValidationTests;
				PRODUCT_NAME = "$(TARGET_NAME)";
				SWIFT_VERSION = 4.2;
				TARGETED_DEVICE_FAMILY = "1,2";
				TEST_HOST = "$(BUILT_PRODUCTS_DIR)/SignUpValidation.app/SignUpValidation";
			};
			name = Debug;
		};
		26D2C679221D4F3400803EBC /* Release */ = {
			isa = XCBuildConfiguration;
			buildSettings = {
				ALWAYS_EMBED_SWIFT_STANDARD_LIBRARIES = YES;
				BUNDLE_LOADER = "$(TEST_HOST)";
				CODE_SIGN_STYLE = Automatic;
				INFOPLIST_FILE = SignUpValidationTests/Info.plist;
				LD_RUNPATH_SEARCH_PATHS = (
					"$(inherited)",
					"@executable_path/Frameworks",
					"@loader_path/Frameworks",
				);
				PRODUCT_BUNDLE_IDENTIFIER = Firstapp.SignUpValidationTests;
				PRODUCT_NAME = "$(TARGET_NAME)";
				SWIFT_VERSION = 4.2;
				TARGETED_DEVICE_FAMILY = "1,2";
				TEST_HOST = "$(BUILT_PRODUCTS_DIR)/SignUpValidation.app/SignUpValidation";
			};
			name = Release;
		};
		26D2C67B221D4F3400803EBC /* Debug */ = {
			isa = XCBuildConfiguration;
			buildSettings = {
				ALWAYS_EMBED_SWIFT_STANDARD_LIBRARIES = YES;
				CODE_SIGN_STYLE = Automatic;
				INFOPLIST_FILE = SignUpValidationUITests/Info.plist;
				LD_RUNPATH_SEARCH_PATHS = (
					"$(inherited)",
					"@executable_path/Frameworks",
					"@loader_path/Frameworks",
				);
				PRODUCT_BUNDLE_IDENTIFIER = Firstapp.SignUpValidationUITests;
				PRODUCT_NAME = "$(TARGET_NAME)";
				SWIFT_VERSION = 4.2;
				TARGETED_DEVICE_FAMILY = "1,2";
				TEST_TARGET_NAME = SignUpValidation;
			};
			name = Debug;
		};
		26D2C67C221D4F3400803EBC /* Release */ = {
			isa = XCBuildConfiguration;
			buildSettings = {
				ALWAYS_EMBED_SWIFT_STANDARD_LIBRARIES = YES;
				CODE_SIGN_STYLE = Automatic;
				INFOPLIST_FILE = SignUpValidationUITests/Info.plist;
				LD_RUNPATH_SEARCH_PATHS = (
					"$(inherited)",
					"@executable_path/Frameworks",
					"@loader_path/Frameworks",
				);
				PRODUCT_BUNDLE_IDENTIFIER = Firstapp.SignUpValidationUITests;
				PRODUCT_NAME = "$(TARGET_NAME)";
				SWIFT_VERSION = 4.2;
				TARGETED_DEVICE_FAMILY = "1,2";
				TEST_TARGET_NAME = SignUpValidation;
			};
			name = Release;
		};
/* End XCBuildConfiguration section */

/* Begin XCConfigurationList section */
		26D2C644221D4F3300803EBC /* Build configuration list for PBXProject "SignUpValidation" */ = {
			isa = XCConfigurationList;
			buildConfigurations = (
				26D2C672221D4F3400803EBC /* Debug */,
				26D2C673221D4F3400803EBC /* Release */,
			);
			defaultConfigurationIsVisible = 0;
			defaultConfigurationName = Release;
		};
		26D2C674221D4F3400803EBC /* Build configuration list for PBXNativeTarget "SignUpValidation" */ = {
			isa = XCConfigurationList;
			buildConfigurations = (
				26D2C675221D4F3400803EBC /* Debug */,
				26D2C676221D4F3400803EBC /* Release */,
			);
			defaultConfigurationIsVisible = 0;
			defaultConfigurationName = Release;
		};
		26D2C677221D4F3400803EBC /* Build configuration list for PBXNativeTarget "SignUpValidationTests" */ = {
			isa = XCConfigurationList;
			buildConfigurations = (
				26D2C678221D4F3400803EBC /* Debug */,
				26D2C679221D4F3400803EBC /* Release */,
			);
			defaultConfigurationIsVisible = 0;
			defaultConfigurationName = Release;
		};
		26D2C67A221D4F3400803EBC /* Build configuration list for PBXNativeTarget "SignUpValidationUITests" */ = {
			isa = XCConfigurationList;
			buildConfigurations = (
				26D2C67B221D4F3400803EBC /* Debug */,
				26D2C67C221D4F3400803EBC /* Release */,
			);
			defaultConfigurationIsVisible = 0;
			defaultConfigurationName = Release;
		};
/* End XCConfigurationList section */

/* Begin XCVersionGroup section */
		26D2C653221D4F3300803EBC /* SignUpValidation.xcdatamodeld */ = {
			isa = XCVersionGroup;
			children = (
				26D2C654221D4F3300803EBC /* SignUpValidation.xcdatamodel */,
			);
			currentVersion = 26D2C654221D4F3300803EBC /* SignUpValidation.xcdatamodel */;
			path = SignUpValidation.xcdatamodeld;
			sourceTree = "<group>";
			versionGroupType = wrapper.xcdatamodel;
		};
/* End XCVersionGroup section */
	};
	rootObject = 26D2C641221D4F3300803EBC /* Project object */;
}
